// !$*UTF8*$!
{
	archiveVersion = 1;
	classes = {
	};
	objectVersion = 46;
	objects = {

/* Begin PBXBuildFile section */
		7686D83E1D2E350D00168285 /* main.m in Sources */ = {isa = PBXBuildFile; fileRef = 7686D83D1D2E350D00168285 /* main.m */; };
		7686D8411D2E350D00168285 /* AppDelegate.m in Sources */ = {isa = PBXBuildFile; fileRef = 7686D8401D2E350D00168285 /* AppDelegate.m */; };
		7686D8441D2E350D00168285 /* ViewController.m in Sources */ = {isa = PBXBuildFile; fileRef = 7686D8431D2E350D00168285 /* ViewController.m */; };
		7686D8471D2E350D00168285 /* Main.storyboard in Resources */ = {isa = PBXBuildFile; fileRef = 7686D8451D2E350D00168285 /* Main.storyboard */; };
		7686D8491D2E350D00168285 /* Images.xcassets in Resources */ = {isa = PBXBuildFile; fileRef = 7686D8481D2E350D00168285 /* Images.xcassets */; };
		7686D84C1D2E350D00168285 /* LaunchScreen.xib in Resources */ = {isa = PBXBuildFile; fileRef = 7686D84A1D2E350D00168285 /* LaunchScreen.xib */; };
		7686D8581D2E350D00168285 /* test_appTests.m in Sources */ = {isa = PBXBuildFile; fileRef = 7686D8571D2E350D00168285 /* test_appTests.m */; };
/* End PBXBuildFile section */

/* Begin PBXContainerItemProxy section */
		7686D8521D2E350D00168285 /* PBXContainerItemProxy */ = {
			isa = PBXContainerItemProxy;
			containerPortal = 7686D8301D2E350D00168285 /* Project object */;
			proxyType = 1;
			remoteGlobalIDString = 7686D8371D2E350D00168285;
			remoteInfo = test_app;
		};
/* End PBXContainerItemProxy section */

/* Begin PBXFileReference section */
		7686D8381D2E350D00168285 /* test_app.app */ = {isa = PBXFileReference; explicitFileType = wrapper.application; includeInIndex = 0; path = test_app.app; sourceTree = BUILT_PRODUCTS_DIR; };
		7686D83C1D2E350D00168285 /* Info.plist */ = {isa = PBXFileReference; lastKnownFileType = text.plist.xml; path = Info.plist; sourceTree = "<group>"; };
		7686D83D1D2E350D00168285 /* main.m */ = {isa = PBXFileReference; lastKnownFileType = sourcecode.c.objc; path = main.m; sourceTree = "<group>"; };
		7686D83F1D2E350D00168285 /* AppDelegate.h */ = {isa = PBXFileReference; lastKnownFileType = sourcecode.c.h; path = AppDelegate.h; sourceTree = "<group>"; };
		7686D8401D2E350D00168285 /* AppDelegate.m */ = {isa = PBXFileReference; lastKnownFileType = sourcecode.c.objc; path = AppDelegate.m; sourceTree = "<group>"; };
		7686D8421D2E350D00168285 /* ViewController.h */ = {isa = PBXFileReference; lastKnownFileType = sourcecode.c.h; path = ViewController.h; sourceTree = "<group>"; };
		7686D8431D2E350D00168285 /* ViewController.m */ = {isa = PBXFileReference; lastKnownFileType = sourcecode.c.objc; path = ViewController.m; sourceTree = "<group>"; };
		7686D8461D2E350D00168285 /* Base */ = {isa = PBXFileReference; lastKnownFileType = file.storyboard; name = Base; path = Base.lproj/Main.storyboard; sourceTree = "<group>"; };
		7686D8481D2E350D00168285 /* Images.xcassets */ = {isa = PBXFileReference; lastKnownFileType = folder.assetcatalog; path = Images.xcassets; sourceTree = "<group>"; };
		7686D84B1D2E350D00168285 /* Base */ = {isa = PBXFileReference; lastKnownFileType = file.xib; name = Base; path = Base.lproj/LaunchScreen.xib; sourceTree = "<group>"; };
		7686D8511D2E350D00168285 /* test_appTests.xctest */ = {isa = PBXFileReference; explicitFileType = wrapper.cfbundle; includeInIndex = 0; path = test_appTests.xctest; sourceTree = BUILT_PRODUCTS_DIR; };
		7686D8561D2E350D00168285 /* Info.plist */ = {isa = PBXFileReference; lastKnownFileType = text.plist.xml; path = Info.plist; sourceTree = "<group>"; };
		7686D8571D2E350D00168285 /* test_appTests.m */ = {isa = PBXFileReference; lastKnownFileType = sourcecode.c.objc; path = test_appTests.m; sourceTree = "<group>"; };
/* End PBXFileReference section */

/* Begin PBXFrameworksBuildPhase section */
		7686D8351D2E350D00168285 /* Frameworks */ = {
			isa = PBXFrameworksBuildPhase;
			buildActionMask = 2147483647;
			files = (
			);
			runOnlyForDeploymentPostprocessing = 0;
		};
		7686D84E1D2E350D00168285 /* Frameworks */ = {
			isa = PBXFrameworksBuildPhase;
			buildActionMask = 2147483647;
			files = (
			);
			runOnlyForDeploymentPostprocessing = 0;
		};
/* End PBXFrameworksBuildPhase section */

/* Begin PBXGroup section */
		7686D82F1D2E350D00168285 = {
			isa = PBXGroup;
			children = (
				7686D83A1D2E350D00168285 /* test_app */,
				7686D8541D2E350D00168285 /* test_appTests */,
				7686D8391D2E350D00168285 /* Products */,
			);
			sourceTree = "<group>";
		};
		7686D8391D2E350D00168285 /* Products */ = {
			isa = PBXGroup;
			children = (
				7686D8381D2E350D00168285 /* test_app.app */,
				7686D8511D2E350D00168285 /* test_appTests.xctest */,
			);
			name = Products;
			sourceTree = "<group>";
		};
		7686D83A1D2E350D00168285 /* test_app */ = {
			isa = PBXGroup;
			children = (
				7686D83F1D2E350D00168285 /* AppDelegate.h */,
				7686D8401D2E350D00168285 /* AppDelegate.m */,
				7686D8421D2E350D00168285 /* ViewController.h */,
				7686D8431D2E350D00168285 /* ViewController.m */,
				7686D8451D2E350D00168285 /* Main.storyboard */,
				7686D8481D2E350D00168285 /* Images.xcassets */,
				7686D84A1D2E350D00168285 /* LaunchScreen.xib */,
				7686D83B1D2E350D00168285 /* Supporting Files */,
			);
			path = test_app;
			sourceTree = "<group>";
		};
		7686D83B1D2E350D00168285 /* Supporting Files */ = {
			isa = PBXGroup;
			children = (
				7686D83C1D2E350D00168285 /* Info.plist */,
				7686D83D1D2E350D00168285 /* main.m */,
			);
			name = "Supporting Files";
			sourceTree = "<group>";
		};
		7686D8541D2E350D00168285 /* test_appTests */ = {
			isa = PBXGroup;
			children = (
				7686D8571D2E350D00168285 /* test_appTests.m */,
				7686D8551D2E350D00168285 /* Supporting Files */,
			);
			path = test_appTests;
			sourceTree = "<group>";
		};
		7686D8551D2E350D00168285 /* Supporting Files */ = {
			isa = PBXGroup;
			children = (
				7686D8561D2E350D00168285 /* Info.plist */,
			);
			name = "Supporting Files";
			sourceTree = "<group>";
		};
/* End PBXGroup section */

/* Begin PBXNativeTarget section */
		7686D8371D2E350D00168285 /* test_app */ = {
			isa = PBXNativeTarget;
			buildConfigurationList = 7686D85B1D2E350D00168285 /* Build configuration list for PBXNativeTarget "test_app" */;
			buildPhases = (
				7686D8341D2E350D00168285 /* Sources */,
				7686D8351D2E350D00168285 /* Frameworks */,
				7686D8361D2E350D00168285 /* Resources */,
			);
			buildRules = (
			);
			dependencies = (
			);
			name = test_app;
			productName = test_app;
			productReference = 7686D8381D2E350D00168285 /* test_app.app */;
			productType = "com.apple.product-type.application";
		};
		7686D8501D2E350D00168285 /* test_appTests */ = {
			isa = PBXNativeTarget;
			buildConfigurationList = 7686D85E1D2E350D00168285 /* Build configuration list for PBXNativeTarget "test_appTests" */;
			buildPhases = (
				7686D84D1D2E350D00168285 /* Sources */,
				7686D84E1D2E350D00168285 /* Frameworks */,
				7686D84F1D2E350D00168285 /* Resources */,
			);
			buildRules = (
			);
			dependencies = (
				7686D8531D2E350D00168285 /* PBXTargetDependency */,
			);
			name = test_appTests;
			productName = test_appTests;
			productReference = 7686D8511D2E350D00168285 /* test_appTests.xctest */;
			productType = "com.apple.product-type.bundle.unit-test";
		};
/* End PBXNativeTarget section */

/* Begin PBXProject section */
		7686D8301D2E350D00168285 /* Project object */ = {
			isa = PBXProject;
			attributes = {
				LastUpgradeCheck = 0630;
				ORGANIZATIONNAME = s_aoi;
				TargetAttributes = {
					7686D8371D2E350D00168285 = {
						CreatedOnToolsVersion = 6.3.2;
					};
					7686D8501D2E350D00168285 = {
						CreatedOnToolsVersion = 6.3.2;
						TestTargetID = 7686D8371D2E350D00168285;
					};
				};
			};
			buildConfigurationList = 7686D8331D2E350D00168285 /* Build configuration list for PBXProject "test_app" */;
			compatibilityVersion = "Xcode 3.2";
			developmentRegion = English;
			hasScannedForEncodings = 0;
			knownRegions = (
				en,
				Base,
			);
			mainGroup = 7686D82F1D2E350D00168285;
			productRefGroup = 7686D8391D2E350D00168285 /* Products */;
			projectDirPath = "";
			projectRoot = "";
			targets = (
				7686D8371D2E350D00168285 /* test_app */,
				7686D8501D2E350D00168285 /* test_appTests */,
			);
		};
/* End PBXProject section */

/* Begin PBXResourcesBuildPhase section */
		7686D8361D2E350D00168285 /* Resources */ = {
			isa = PBXResourcesBuildPhase;
			buildActionMask = 2147483647;
			files = (
				7686D8471D2E350D00168285 /* Main.storyboard in Resources */,
				7686D84C1D2E350D00168285 /* LaunchScreen.xib in Resources */,
				7686D8491D2E350D00168285 /* Images.xcassets in Resources */,
			);
			runOnlyForDeploymentPostprocessing = 0;
		};
		7686D84F1D2E350D00168285 /* Resources */ = {
			isa = PBXResourcesBuildPhase;
			buildActionMask = 2147483647;
			files = (
			);
			runOnlyForDeploymentPostprocessing = 0;
		};
/* End PBXResourcesBuildPhase section */

/* Begin PBXSourcesBuildPhase section */
		7686D8341D2E350D00168285 /* Sources */ = {
			isa = PBXSourcesBuildPhase;
			buildActionMask = 2147483647;
			files = (
				7686D8441D2E350D00168285 /* ViewController.m in Sources */,
				7686D8411D2E350D00168285 /* AppDelegate.m in Sources */,
				7686D83E1D2E350D00168285 /* main.m in Sources */,
			);
			runOnlyForDeploymentPostprocessing = 0;
		};
		7686D84D1D2E350D00168285 /* Sources */ = {
			isa = PBXSourcesBuildPhase;
			buildActionMask = 2147483647;
			files = (
				7686D8581D2E350D00168285 /* test_appTests.m in Sources */,
			);
			runOnlyForDeploymentPostprocessing = 0;
		};
/* End PBXSourcesBuildPhase section */

/* Begin PBXTargetDependency section */
		7686D8531D2E350D00168285 /* PBXTargetDependency */ = {
			isa = PBXTargetDependency;
			target = 7686D8371D2E350D00168285 /* test_app */;
			targetProxy = 7686D8521D2E350D00168285 /* PBXContainerItemProxy */;
		};
/* End PBXTargetDependency section */

/* Begin PBXVariantGroup section */
		7686D8451D2E350D00168285 /* Main.storyboard */ = {
			isa = PBXVariantGroup;
			children = (
				7686D8461D2E350D00168285 /* Base */,
			);
			name = Main.storyboard;
			sourceTree = "<group>";
		};
		7686D84A1D2E350D00168285 /* LaunchScreen.xib */ = {
			isa = PBXVariantGroup;
			children = (
				7686D84B1D2E350D00168285 /* Base */,
			);
			name = LaunchScreen.xib;
			sourceTree = "<group>";
		};
/* End PBXVariantGroup section */

/* Begin XCBuildConfiguration section */
		7686D8591D2E350D00168285 /* Debug */ = {
			isa = XCBuildConfiguration;
			buildSettings = {
				ALWAYS_SEARCH_USER_PATHS = NO;
				CLANG_CXX_LANGUAGE_STANDARD = "gnu++0x";
				CLANG_CXX_LIBRARY = "libc++";
				CLANG_ENABLE_MODULES = YES;
				CLANG_ENABLE_OBJC_ARC = YES;
				CLANG_WARN_BOOL_CONVERSION = YES;
				CLANG_WARN_CONSTANT_CONVERSION = YES;
				CLANG_WARN_DIRECT_OBJC_ISA_USAGE = YES_ERROR;
				CLANG_WARN_EMPTY_BODY = YES;
				CLANG_WARN_ENUM_CONVERSION = YES;
				CLANG_WARN_INT_CONVERSION = YES;
				CLANG_WARN_OBJC_ROOT_CLASS = YES_ERROR;
				CLANG_WARN_UNREACHABLE_CODE = YES;
				CLANG_WARN__DUPLICATE_METHOD_MATCH = YES;
				"CODE_SIGN_IDENTITY[sdk=iphoneos*]" = "iPhone Developer";
				COPY_PHASE_STRIP = NO;
				DEBUG_INFORMATION_FORMAT = "dwarf-with-dsym";
				ENABLE_STRICT_OBJC_MSGSEND = YES;
				GCC_C_LANGUAGE_STANDARD = gnu99;
				GCC_DYNAMIC_NO_PIC = NO;
				GCC_NO_COMMON_BLOCKS = YES;
				GCC_OPTIMIZATION_LEVEL = 0;
				GCC_PREPROCESSOR_DEFINITIONS = (
					"DEBUG=1",
					"$(inherited)",
				);
				GCC_SYMBOLS_PRIVATE_EXTERN = NO;
				GCC_WARN_64_TO_32_BIT_CONVERSION = YES;
				GCC_WARN_ABOUT_RETURN_TYPE = YES_ERROR;
				GCC_WARN_UNDECLARED_SELECTOR = YES;
				GCC_WARN_UNINITIALIZED_AUTOS = YES_AGGRESSIVE;
				GCC_WARN_UNUSED_FUNCTION = YES;
				GCC_WARN_UNUSED_VARIABLE = YES;
				IPHONEOS_DEPLOYMENT_TARGET = 8.3;
				MTL_ENABLE_DEBUG_INFO = YES;
				ONLY_ACTIVE_ARCH = YES;
				SDKROOT = iphoneos;
				TARGETED_DEVICE_FAMILY = "1,2";
			};
			name = Debug;
		};
		7686D85A1D2E350D00168285 /* Release */ = {
			isa = XCBuildConfiguration;
			buildSettings = {
				ALWAYS_SEARCH_USER_PATHS = NO;
				CLANG_CXX_LANGUAGE_STANDARD = "gnu++0x";
				CLANG_CXX_LIBRARY = "libc++";
				CLANG_ENABLE_MODULES = YES;
				CLANG_ENABLE_OBJC_ARC = YES;
				CLANG_WARN_BOOL_CONVERSION = YES;
				CLANG_WARN_CONSTANT_CONVERSION = YES;
				CLANG_WARN_DIRECT_OBJC_ISA_USAGE = YES_ERROR;
				CLANG_WARN_EMPTY_BODY = YES;
				CLANG_WARN_ENUM_CONVERSION = YES;
				CLANG_WARN_INT_CONVERSION = YES;
				CLANG_WARN_OBJC_ROOT_CLASS = YES_ERROR;
				CLANG_WARN_UNREACHABLE_CODE = YES;
				CLANG_WARN__DUPLICATE_METHOD_MATCH = YES;
				"CODE_SIGN_IDENTITY[sdk=iphoneos*]" = "iPhone Developer";
				COPY_PHASE_STRIP = NO;
				DEBUG_INFORMATION_FORMAT = "dwarf-with-dsym";
				ENABLE_NS_ASSERTIONS = NO;
				ENABLE_STRICT_OBJC_MSGSEND = YES;
				GCC_C_LANGUAGE_STANDARD = gnu99;
				GCC_NO_COMMON_BLOCKS = YES;
				GCC_WARN_64_TO_32_BIT_CONVERSION = YES;
				GCC_WARN_ABOUT_RETURN_TYPE = YES_ERROR;
				GCC_WARN_UNDECLARED_SELECTOR = YES;
				GCC_WARN_UNINITIALIZED_AUTOS = YES_AGGRESSIVE;
				GCC_WARN_UNUSED_FUNCTION = YES;
				GCC_WARN_UNUSED_VARIABLE = YES;
				IPHONEOS_DEPLOYMENT_TARGET = 8.3;
				MTL_ENABLE_DEBUG_INFO = NO;
				SDKROOT = iphoneos;
				TARGETED_DEVICE_FAMILY = "1,2";
				VALIDATE_PRODUCT = YES;
			};
			name = Release;
		};
		7686D85C1D2E350D00168285 /* Debug */ = {
			isa = XCBuildConfiguration;
			buildSettings = {
				ASSETCATALOG_COMPILER_APPICON_NAME = AppIcon;
				INFOPLIST_FILE = test_app/Info.plist;
				LD_RUNPATH_SEARCH_PATHS = "$(inherited) @executable_path/Frameworks";
				PRODUCT_NAME = "$(TARGET_NAME)";
			};
			name = Debug;
		};
		7686D85D1D2E350D00168285 /* Release */ = {
			isa = XCBuildConfiguration;
			buildSettings = {
				ASSETCATALOG_COMPILER_APPICON_NAME = AppIcon;
				INFOPLIST_FILE = test_app/Info.plist;
				LD_RUNPATH_SEARCH_PATHS = "$(inherited) @executable_path/Frameworks";
				PRODUCT_NAME = "$(TARGET_NAME)";
			};
			name = Release;
		};
		7686D85F1D2E350D00168285 /* Debug */ = {
			isa = XCBuildConfiguration;
			buildSettings = {
				BUNDLE_LOADER = "$(TEST_HOST)";
				FRAMEWORK_SEARCH_PATHS = (
					"$(SDKROOT)/Developer/Library/Frameworks",
					"$(inherited)",
				);
				GCC_PREPROCESSOR_DEFINITIONS = (
					"DEBUG=1",
					"$(inherited)",
				);
				INFOPLIST_FILE = test_appTests/Info.plist;
				LD_RUNPATH_SEARCH_PATHS = "$(inherited) @executable_path/Frameworks @loader_path/Frameworks";
				PRODUCT_NAME = "$(TARGET_NAME)";
				TEST_HOST = "$(BUILT_PRODUCTS_DIR)/test_app.app/test_app";
			};
			name = Debug;
		};
		7686D8601D2E350D00168285 /* Release */ = {
			isa = XCBuildConfiguration;
			buildSettings = {
				BUNDLE_LOADER = "$(TEST_HOST)";
				FRAMEWORK_SEARCH_PATHS = (
					"$(SDKROOT)/Developer/Library/Frameworks",
					"$(inherited)",
				);
				INFOPLIST_FILE = test_appTests/Info.plist;
				LD_RUNPATH_SEARCH_PATHS = "$(inherited) @executable_path/Frameworks @loader_path/Frameworks";
				PRODUCT_NAME = "$(TARGET_NAME)";
				TEST_HOST = "$(BUILT_PRODUCTS_DIR)/test_app.app/test_app";
			};
			name = Release;
		};
/* End XCBuildConfiguration section */

/* Begin XCConfigurationList section */
		7686D8331D2E350D00168285 /* Build configuration list for PBXProject "test_app" */ = {
			isa = XCConfigurationList;
			buildConfigurations = (
				7686D8591D2E350D00168285 /* Debug */,
				7686D85A1D2E350D00168285 /* Release */,
			);
			defaultConfigurationIsVisible = 0;
			defaultConfigurationName = Release;
		};
		7686D85B1D2E350D00168285 /* Build configuration list for PBXNativeTarget "test_app" */ = {
			isa = XCConfigurationList;
			buildConfigurations = (
				7686D85C1D2E350D00168285 /* Debug */,
				7686D85D1D2E350D00168285 /* Release */,
			);
			defaultConfigurationIsVisible = 0;
		};
		7686D85E1D2E350D00168285 /* Build configuration list for PBXNativeTarget "test_appTests" */ = {
			isa = XCConfigurationList;
			buildConfigurations = (
				7686D85F1D2E350D00168285 /* Debug */,
				7686D8601D2E350D00168285 /* Release */,
			);
			defaultConfigurationIsVisible = 0;
		};
/* End XCConfigurationList section */
	};
	rootObject = 7686D8301D2E350D00168285 /* Project object */;
}
